
Microsoft Visual Studio Solution File, Format Version 12.00
# Visual Studio Version 17
VisualStudioVersion = 17.13.35931.197 d17.13
MinimumVisualStudioVersion = 10.0.40219.1
Project("{FAE04EC0-301F-11D3-BF4B-00C04F79EFBC}") = "2DCinemaseat", "2DCinemaseat.csproj", "{2E021D38-BBC7-45AE-BFF4-D42F0DA4C1DC}"
EndProject
Global
	GlobalSection(SolutionConfigurationPlatforms) = preSolution
		Debug|Any CPU = Debug|Any CPU
		Release|Any CPU = Release|Any CPU
	EndGlobalSection
	GlobalSection(ProjectConfigurationPlatforms) = postSolution
		{2E021D38-BBC7-45AE-BFF4-D42F0DA4C1DC}.Debug|Any CPU.ActiveCfg = Debug|Any CPU
		{2E021D38-BBC7-45AE-BFF4-D42F0DA4C1DC}.Debug|Any CPU.Build.0 = Debug|Any CPU
		{2E021D38-BBC7-45AE-BFF4-D42F0DA4C1DC}.Release|Any CPU.ActiveCfg = Release|Any CPU
		{2E021D38-BBC7-45AE-BFF4-D42F0DA4C1DC}.Release|Any CPU.Build.0 = Release|Any CPU
	EndGlobalSection
	GlobalSection(SolutionProperties) = preSolution
		HideSolutionNode = FALSE
	EndGlobalSection
	GlobalSection(ExtensibilityGlobals) = postSolution
		SolutionGuid = {CE441D35-879D-4E4C-9D8E-43940CD64535}
	EndGlobalSection
EndGlobal
