
Microsoft Visual Studio Solution File, Format Version 12.00
# Visual Studio Version 17
VisualStudioVersion = 17.13.35931.197 d17.13
MinimumVisualStudioVersion = 10.0.40219.1
Project("{FAE04EC0-301F-11D3-BF4B-00C04F79EFBC}") = "studentnames", "studentnames.csproj", "{9C4E746F-5641-4837-8480-28D3551A1ECE}"
EndProject
Global
	GlobalSection(SolutionConfigurationPlatforms) = preSolution
		Debug|Any CPU = Debug|Any CPU
		Release|Any CPU = Release|Any CPU
	EndGlobalSection
	GlobalSection(ProjectConfigurationPlatforms) = postSolution
		{9C4E746F-5641-4837-8480-28D3551A1ECE}.Debug|Any CPU.ActiveCfg = Debug|Any CPU
		{9C4E746F-5641-4837-8480-28D3551A1ECE}.Debug|Any CPU.Build.0 = Debug|Any CPU
		{9C4E746F-5641-4837-8480-28D3551A1ECE}.Release|Any CPU.ActiveCfg = Release|Any CPU
		{9C4E746F-5641-4837-8480-28D3551A1ECE}.Release|Any CPU.Build.0 = Release|Any CPU
	EndGlobalSection
	GlobalSection(SolutionProperties) = preSolution
		HideSolutionNode = FALSE
	EndGlobalSection
	GlobalSection(ExtensibilityGlobals) = postSolution
		SolutionGuid = {6F023EED-1C73-4F5A-9964-AB6252ED6E12}
	EndGlobalSection
EndGlobal
