
Microsoft Visual Studio Solution File, Format Version 12.00
# Visual Studio Version 17
VisualStudioVersion = 17.13.35931.197 d17.13
MinimumVisualStudioVersion = 10.0.40219.1
Project("{FAE04EC0-301F-11D3-BF4B-00C04F79EFBC}") = "Activity9_LINQ", "Activity9_LINQ.csproj", "{670B3343-338A-4E2E-81EE-7D17436ACE23}"
EndProject
Global
	GlobalSection(SolutionConfigurationPlatforms) = preSolution
		Debug|Any CPU = Debug|Any CPU
		Release|Any CPU = Release|Any CPU
	EndGlobalSection
	GlobalSection(ProjectConfigurationPlatforms) = postSolution
		{670B3343-338A-4E2E-81EE-7D17436ACE23}.Debug|Any CPU.ActiveCfg = Debug|Any CPU
		{670B3343-338A-4E2E-81EE-7D17436ACE23}.Debug|Any CPU.Build.0 = Debug|Any CPU
		{670B3343-338A-4E2E-81EE-7D17436ACE23}.Release|Any CPU.ActiveCfg = Release|Any CPU
		{670B3343-338A-4E2E-81EE-7D17436ACE23}.Release|Any CPU.Build.0 = Release|Any CPU
	EndGlobalSection
	GlobalSection(SolutionProperties) = preSolution
		HideSolutionNode = FALSE
	EndGlobalSection
	GlobalSection(ExtensibilityGlobals) = postSolution
		SolutionGuid = {E9227A50-6CFF-41DF-947F-DC05C36BF5F2}
	EndGlobalSection
EndGlobal
