
Microsoft Visual Studio Solution File, Format Version 12.00
# Visual Studio Version 17
VisualStudioVersion = 17.14.36518.9
MinimumVisualStudioVersion = 10.0.40219.1
Project("{FAE04EC0-301F-11D3-BF4B-00C04F79EFBC}") = "Exercise_Blazor", "Exercise_Blazor\Exercise_Blazor.csproj", "{D57250C9-BACE-4A19-8908-6E22E8D7249D}"
EndProject
Global
	GlobalSection(SolutionConfigurationPlatforms) = preSolution
		Debug|Any CPU = Debug|Any CPU
		Release|Any CPU = Release|Any CPU
	EndGlobalSection
	GlobalSection(ProjectConfigurationPlatforms) = postSolution
		{D57250C9-BACE-4A19-8908-6E22E8D7249D}.Debug|Any CPU.ActiveCfg = Debug|Any CPU
		{D57250C9-BACE-4A19-8908-6E22E8D7249D}.Debug|Any CPU.Build.0 = Debug|Any CPU
		{D57250C9-BACE-4A19-8908-6E22E8D7249D}.Release|Any CPU.ActiveCfg = Release|Any CPU
		{D57250C9-BACE-4A19-8908-6E22E8D7249D}.Release|Any CPU.Build.0 = Release|Any CPU
	EndGlobalSection
	GlobalSection(SolutionProperties) = preSolution
		HideSolutionNode = FALSE
	EndGlobalSection
	GlobalSection(ExtensibilityGlobals) = postSolution
		SolutionGuid = {19B7C334-85BF-43D3-93FC-F14D95B48154}
	EndGlobalSection
EndGlobal
