
Microsoft Visual Studio Solution File, Format Version 12.00
# Visual Studio Version 17
VisualStudioVersion = 17.13.35931.197 d17.13
MinimumVisualStudioVersion = 10.0.40219.1
Project("{FAE04EC0-301F-11D3-BF4B-00C04F79EFBC}") = "Activity6_LINQ", "Activity6_LINQ.csproj", "{A6CC26F8-9A12-45A3-9DC5-43A28E76DF10}"
EndProject
Global
	GlobalSection(SolutionConfigurationPlatforms) = preSolution
		Debug|Any CPU = Debug|Any CPU
		Release|Any CPU = Release|Any CPU
	EndGlobalSection
	GlobalSection(ProjectConfigurationPlatforms) = postSolution
		{A6CC26F8-9A12-45A3-9DC5-43A28E76DF10}.Debug|Any CPU.ActiveCfg = Debug|Any CPU
		{A6CC26F8-9A12-45A3-9DC5-43A28E76DF10}.Debug|Any CPU.Build.0 = Debug|Any CPU
		{A6CC26F8-9A12-45A3-9DC5-43A28E76DF10}.Release|Any CPU.ActiveCfg = Release|Any CPU
		{A6CC26F8-9A12-45A3-9DC5-43A28E76DF10}.Release|Any CPU.Build.0 = Release|Any CPU
	EndGlobalSection
	GlobalSection(SolutionProperties) = preSolution
		HideSolutionNode = FALSE
	EndGlobalSection
	GlobalSection(ExtensibilityGlobals) = postSolution
		SolutionGuid = {FFD32166-C4AA-4597-B518-AC4E57DDDA99}
	EndGlobalSection
EndGlobal
