
Microsoft Visual Studio Solution File, Format Version 12.00
# Visual Studio Version 17
VisualStudioVersion = 17.13.35931.197 d17.13
MinimumVisualStudioVersion = 10.0.40219.1
Project("{FAE04EC0-301F-11D3-BF4B-00C04F79EFBC}") = "2Dmarksheet", "2Dmarksheet.csproj", "{5980C28F-362C-4F59-95CB-9736387AB6E3}"
EndProject
Global
	GlobalSection(SolutionConfigurationPlatforms) = preSolution
		Debug|Any CPU = Debug|Any CPU
		Release|Any CPU = Release|Any CPU
	EndGlobalSection
	GlobalSection(ProjectConfigurationPlatforms) = postSolution
		{5980C28F-362C-4F59-95CB-9736387AB6E3}.Debug|Any CPU.ActiveCfg = Debug|Any CPU
		{5980C28F-362C-4F59-95CB-9736387AB6E3}.Debug|Any CPU.Build.0 = Debug|Any CPU
		{5980C28F-362C-4F59-95CB-9736387AB6E3}.Release|Any CPU.ActiveCfg = Release|Any CPU
		{5980C28F-362C-4F59-95CB-9736387AB6E3}.Release|Any CPU.Build.0 = Release|Any CPU
	EndGlobalSection
	GlobalSection(SolutionProperties) = preSolution
		HideSolutionNode = FALSE
	EndGlobalSection
	GlobalSection(ExtensibilityGlobals) = postSolution
		SolutionGuid = {46466C89-6B8C-45E2-8255-8B95DF5BCCC1}
	EndGlobalSection
EndGlobal
