
Microsoft Visual Studio Solution File, Format Version 12.00
# Visual Studio Version 17
VisualStudioVersion = 17.13.35931.197 d17.13
MinimumVisualStudioVersion = 10.0.40219.1
Project("{FAE04EC0-301F-11D3-BF4B-00C04F79EFBC}") = "Exceptions_Activity1", "Exceptions_Activity1.csproj", "{93506A75-E4DE-4020-A394-2EFCB109CB39}"
EndProject
Global
	GlobalSection(SolutionConfigurationPlatforms) = preSolution
		Debug|Any CPU = Debug|Any CPU
		Release|Any CPU = Release|Any CPU
	EndGlobalSection
	GlobalSection(ProjectConfigurationPlatforms) = postSolution
		{93506A75-E4DE-4020-A394-2EFCB109CB39}.Debug|Any CPU.ActiveCfg = Debug|Any CPU
		{93506A75-E4DE-4020-A394-2EFCB109CB39}.Debug|Any CPU.Build.0 = Debug|Any CPU
		{93506A75-E4DE-4020-A394-2EFCB109CB39}.Release|Any CPU.ActiveCfg = Release|Any CPU
		{93506A75-E4DE-4020-A394-2EFCB109CB39}.Release|Any CPU.Build.0 = Release|Any CPU
	EndGlobalSection
	GlobalSection(SolutionProperties) = preSolution
		HideSolutionNode = FALSE
	EndGlobalSection
	GlobalSection(ExtensibilityGlobals) = postSolution
		SolutionGuid = {67F7BAA6-05EB-492A-AA41-3A41F2A6D5B5}
	EndGlobalSection
EndGlobal
