
Microsoft Visual Studio Solution File, Format Version 12.00
# Visual Studio Version 17
VisualStudioVersion = 17.13.35931.197 d17.13
MinimumVisualStudioVersion = 10.0.40219.1
Project("{FAE04EC0-301F-11D3-BF4B-00C04F79EFBC}") = "UserOOPs", "UserOOPs.csproj", "{DD3BF94D-DF29-4318-8AC9-22DFC42455A2}"
EndProject
Global
	GlobalSection(SolutionConfigurationPlatforms) = preSolution
		Debug|Any CPU = Debug|Any CPU
		Release|Any CPU = Release|Any CPU
	EndGlobalSection
	GlobalSection(ProjectConfigurationPlatforms) = postSolution
		{DD3BF94D-DF29-4318-8AC9-22DFC42455A2}.Debug|Any CPU.ActiveCfg = Debug|Any CPU
		{DD3BF94D-DF29-4318-8AC9-22DFC42455A2}.Debug|Any CPU.Build.0 = Debug|Any CPU
		{DD3BF94D-DF29-4318-8AC9-22DFC42455A2}.Release|Any CPU.ActiveCfg = Release|Any CPU
		{DD3BF94D-DF29-4318-8AC9-22DFC42455A2}.Release|Any CPU.Build.0 = Release|Any CPU
	EndGlobalSection
	GlobalSection(SolutionProperties) = preSolution
		HideSolutionNode = FALSE
	EndGlobalSection
	GlobalSection(ExtensibilityGlobals) = postSolution
		SolutionGuid = {DE613C6C-CC11-4F44-80FE-1D0BC905984C}
	EndGlobalSection
EndGlobal
