
Microsoft Visual Studio Solution File, Format Version 12.00
# Visual Studio Version 17
VisualStudioVersion = 17.13.35931.197 d17.13
MinimumVisualStudioVersion = 10.0.40219.1
Project("{FAE04EC0-301F-11D3-BF4B-00C04F79EFBC}") = "BankAccountOOPs", "BankAccountOOPs.csproj", "{D17F76A3-093D-4768-B2A7-F20EE73F3D86}"
EndProject
Global
	GlobalSection(SolutionConfigurationPlatforms) = preSolution
		Debug|Any CPU = Debug|Any CPU
		Release|Any CPU = Release|Any CPU
	EndGlobalSection
	GlobalSection(ProjectConfigurationPlatforms) = postSolution
		{D17F76A3-093D-4768-B2A7-F20EE73F3D86}.Debug|Any CPU.ActiveCfg = Debug|Any CPU
		{D17F76A3-093D-4768-B2A7-F20EE73F3D86}.Debug|Any CPU.Build.0 = Debug|Any CPU
		{D17F76A3-093D-4768-B2A7-F20EE73F3D86}.Release|Any CPU.ActiveCfg = Release|Any CPU
		{D17F76A3-093D-4768-B2A7-F20EE73F3D86}.Release|Any CPU.Build.0 = Release|Any CPU
	EndGlobalSection
	GlobalSection(SolutionProperties) = preSolution
		HideSolutionNode = FALSE
	EndGlobalSection
	GlobalSection(ExtensibilityGlobals) = postSolution
		SolutionGuid = {4053FAD8-843D-4A7D-836A-3503F0616F2B}
	EndGlobalSection
EndGlobal
