
Microsoft Visual Studio Solution File, Format Version 12.00
# Visual Studio Version 17
VisualStudioVersion = 17.13.35806.99 d17.13
MinimumVisualStudioVersion = 10.0.40219.1
Project("{FAE04EC0-301F-11D3-BF4B-00C04F79EFBC}") = "WebApplication1API", "WebApplication1API.csproj", "{92B746C6-D9C6-43B9-A4C3-E41D354B65D6}"
EndProject
Project("{FAE04EC0-301F-11D3-BF4B-00C04F79EFBC}") = "Domain", "..\ClassLibrary1\Domain.csproj", "{E19431BB-4939-427D-AFCD-1263760F91AA}"
EndProject
Global
	GlobalSection(SolutionConfigurationPlatforms) = preSolution
		Debug|Any CPU = Debug|Any CPU
		Release|Any CPU = Release|Any CPU
	EndGlobalSection
	GlobalSection(ProjectConfigurationPlatforms) = postSolution
		{92B746C6-D9C6-43B9-A4C3-E41D354B65D6}.Debug|Any CPU.ActiveCfg = Debug|Any CPU
		{92B746C6-D9C6-43B9-A4C3-E41D354B65D6}.Debug|Any CPU.Build.0 = Debug|Any CPU
		{92B746C6-D9C6-43B9-A4C3-E41D354B65D6}.Release|Any CPU.ActiveCfg = Release|Any CPU
		{92B746C6-D9C6-43B9-A4C3-E41D354B65D6}.Release|Any CPU.Build.0 = Release|Any CPU
		{E19431BB-4939-427D-AFCD-1263760F91AA}.Debug|Any CPU.ActiveCfg = Debug|Any CPU
		{E19431BB-4939-427D-AFCD-1263760F91AA}.Debug|Any CPU.Build.0 = Debug|Any CPU
		{E19431BB-4939-427D-AFCD-1263760F91AA}.Release|Any CPU.ActiveCfg = Release|Any CPU
		{E19431BB-4939-427D-AFCD-1263760F91AA}.Release|Any CPU.Build.0 = Release|Any CPU
	EndGlobalSection
	GlobalSection(SolutionProperties) = preSolution
		HideSolutionNode = FALSE
	EndGlobalSection
	GlobalSection(ExtensibilityGlobals) = postSolution
		SolutionGuid = {BD5354E5-2CD1-4953-9C3B-347FB6C6B690}
	EndGlobalSection
EndGlobal
