
Microsoft Visual Studio Solution File, Format Version 12.00
# Visual Studio Version 17
VisualStudioVersion = 17.13.35931.197 d17.13
MinimumVisualStudioVersion = 10.0.40219.1
Project("{FAE04EC0-301F-11D3-BF4B-00C04F79EFBC}") = "IntrfcPrinterOOPs", "IntrfcPrinterOOPs.csproj", "{926139BA-07F3-4493-B10D-0FC8A8FC8DBE}"
EndProject
Global
	GlobalSection(SolutionConfigurationPlatforms) = preSolution
		Debug|Any CPU = Debug|Any CPU
		Release|Any CPU = Release|Any CPU
	EndGlobalSection
	GlobalSection(ProjectConfigurationPlatforms) = postSolution
		{926139BA-07F3-4493-B10D-0FC8A8FC8DBE}.Debug|Any CPU.ActiveCfg = Debug|Any CPU
		{926139BA-07F3-4493-B10D-0FC8A8FC8DBE}.Debug|Any CPU.Build.0 = Debug|Any CPU
		{926139BA-07F3-4493-B10D-0FC8A8FC8DBE}.Release|Any CPU.ActiveCfg = Release|Any CPU
		{926139BA-07F3-4493-B10D-0FC8A8FC8DBE}.Release|Any CPU.Build.0 = Release|Any CPU
	EndGlobalSection
	GlobalSection(SolutionProperties) = preSolution
		HideSolutionNode = FALSE
	EndGlobalSection
	GlobalSection(ExtensibilityGlobals) = postSolution
		SolutionGuid = {8E45868B-22A8-493C-BBEA-27B61F4E0CEC}
	EndGlobalSection
EndGlobal
