
Microsoft Visual Studio Solution File, Format Version 12.00
# Visual Studio Version 17
VisualStudioVersion = 17.13.35931.197 d17.13
MinimumVisualStudioVersion = 10.0.40219.1
Project("{FAE04EC0-301F-11D3-BF4B-00C04F79EFBC}") = "encapsShape", "encapsShape.csproj", "{3D11B942-CC35-4292-B8D7-BFA523EA2A47}"
EndProject
Global
	GlobalSection(SolutionConfigurationPlatforms) = preSolution
		Debug|Any CPU = Debug|Any CPU
		Release|Any CPU = Release|Any CPU
	EndGlobalSection
	GlobalSection(ProjectConfigurationPlatforms) = postSolution
		{3D11B942-CC35-4292-B8D7-BFA523EA2A47}.Debug|Any CPU.ActiveCfg = Debug|Any CPU
		{3D11B942-CC35-4292-B8D7-BFA523EA2A47}.Debug|Any CPU.Build.0 = Debug|Any CPU
		{3D11B942-CC35-4292-B8D7-BFA523EA2A47}.Release|Any CPU.ActiveCfg = Release|Any CPU
		{3D11B942-CC35-4292-B8D7-BFA523EA2A47}.Release|Any CPU.Build.0 = Release|Any CPU
	EndGlobalSection
	GlobalSection(SolutionProperties) = preSolution
		HideSolutionNode = FALSE
	EndGlobalSection
	GlobalSection(ExtensibilityGlobals) = postSolution
		SolutionGuid = {B245E099-5462-40C7-9182-5588788E3CA6}
	EndGlobalSection
EndGlobal
