
Microsoft Visual Studio Solution File, Format Version 12.00
# Visual Studio Version 17
VisualStudioVersion = 17.13.35931.197 d17.13
MinimumVisualStudioVersion = 10.0.40219.1
Project("{FAE04EC0-301F-11D3-BF4B-00C04F79EFBC}") = "Activity6_Collections", "Activity6_Collections.csproj", "{7D98F704-62BA-4455-A6DF-D49A5211C39F}"
EndProject
Global
	GlobalSection(SolutionConfigurationPlatforms) = preSolution
		Debug|Any CPU = Debug|Any CPU
		Release|Any CPU = Release|Any CPU
	EndGlobalSection
	GlobalSection(ProjectConfigurationPlatforms) = postSolution
		{7D98F704-62BA-4455-A6DF-D49A5211C39F}.Debug|Any CPU.ActiveCfg = Debug|Any CPU
		{7D98F704-62BA-4455-A6DF-D49A5211C39F}.Debug|Any CPU.Build.0 = Debug|Any CPU
		{7D98F704-62BA-4455-A6DF-D49A5211C39F}.Release|Any CPU.ActiveCfg = Release|Any CPU
		{7D98F704-62BA-4455-A6DF-D49A5211C39F}.Release|Any CPU.Build.0 = Release|Any CPU
	EndGlobalSection
	GlobalSection(SolutionProperties) = preSolution
		HideSolutionNode = FALSE
	EndGlobalSection
	GlobalSection(ExtensibilityGlobals) = postSolution
		SolutionGuid = {A26066F5-34CA-426E-9EBA-0AD82D2A083A}
	EndGlobalSection
EndGlobal
