
Microsoft Visual Studio Solution File, Format Version 12.00
# Visual Studio Version 17
VisualStudioVersion = 17.13.35931.197 d17.13
MinimumVisualStudioVersion = 10.0.40219.1
Project("{FAE04EC0-301F-11D3-BF4B-00C04F79EFBC}") = "MethdOverrdOOPs", "MethdOverrdOOPs.csproj", "{BAA6C08F-461F-4524-BA22-842961503332}"
EndProject
Global
	GlobalSection(SolutionConfigurationPlatforms) = preSolution
		Debug|Any CPU = Debug|Any CPU
		Release|Any CPU = Release|Any CPU
	EndGlobalSection
	GlobalSection(ProjectConfigurationPlatforms) = postSolution
		{BAA6C08F-461F-4524-BA22-842961503332}.Debug|Any CPU.ActiveCfg = Debug|Any CPU
		{BAA6C08F-461F-4524-BA22-842961503332}.Debug|Any CPU.Build.0 = Debug|Any CPU
		{BAA6C08F-461F-4524-BA22-842961503332}.Release|Any CPU.ActiveCfg = Release|Any CPU
		{BAA6C08F-461F-4524-BA22-842961503332}.Release|Any CPU.Build.0 = Release|Any CPU
	EndGlobalSection
	GlobalSection(SolutionProperties) = preSolution
		HideSolutionNode = FALSE
	EndGlobalSection
	GlobalSection(ExtensibilityGlobals) = postSolution
		SolutionGuid = {26C1F3C6-1935-42E3-9C07-0C697D1D79F0}
	EndGlobalSection
EndGlobal
