
Microsoft Visual Studio Solution File, Format Version 12.00
# Visual Studio Version 17
VisualStudioVersion = 17.13.35931.197 d17.13
MinimumVisualStudioVersion = 10.0.40219.1
Project("{FAE04EC0-301F-11D3-BF4B-00C04F79EFBC}") = "C#_Exercise1", "C#_Exercise1.csproj", "{4C499808-20EA-43AA-9F24-BC46B93ADF0A}"
EndProject
Global
	GlobalSection(SolutionConfigurationPlatforms) = preSolution
		Debug|Any CPU = Debug|Any CPU
		Release|Any CPU = Release|Any CPU
	EndGlobalSection
	GlobalSection(ProjectConfigurationPlatforms) = postSolution
		{4C499808-20EA-43AA-9F24-BC46B93ADF0A}.Debug|Any CPU.ActiveCfg = Debug|Any CPU
		{4C499808-20EA-43AA-9F24-BC46B93ADF0A}.Debug|Any CPU.Build.0 = Debug|Any CPU
		{4C499808-20EA-43AA-9F24-BC46B93ADF0A}.Release|Any CPU.ActiveCfg = Release|Any CPU
		{4C499808-20EA-43AA-9F24-BC46B93ADF0A}.Release|Any CPU.Build.0 = Release|Any CPU
	EndGlobalSection
	GlobalSection(SolutionProperties) = preSolution
		HideSolutionNode = FALSE
	EndGlobalSection
	GlobalSection(ExtensibilityGlobals) = postSolution
		SolutionGuid = {A5B48295-A256-4245-ADED-DC1120A8119E}
	EndGlobalSection
EndGlobal
