
Microsoft Visual Studio Solution File, Format Version 12.00
# Visual Studio Version 17
VisualStudioVersion = 17.13.35931.197 d17.13
MinimumVisualStudioVersion = 10.0.40219.1
Project("{FAE04EC0-301F-11D3-BF4B-00C04F79EFBC}") = "Activity10_LINQ", "Activity10_LINQ.csproj", "{D691C6CF-DAFF-40A5-825E-CCF68310BFAB}"
EndProject
Global
	GlobalSection(SolutionConfigurationPlatforms) = preSolution
		Debug|Any CPU = Debug|Any CPU
		Release|Any CPU = Release|Any CPU
	EndGlobalSection
	GlobalSection(ProjectConfigurationPlatforms) = postSolution
		{D691C6CF-DAFF-40A5-825E-CCF68310BFAB}.Debug|Any CPU.ActiveCfg = Debug|Any CPU
		{D691C6CF-DAFF-40A5-825E-CCF68310BFAB}.Debug|Any CPU.Build.0 = Debug|Any CPU
		{D691C6CF-DAFF-40A5-825E-CCF68310BFAB}.Release|Any CPU.ActiveCfg = Release|Any CPU
		{D691C6CF-DAFF-40A5-825E-CCF68310BFAB}.Release|Any CPU.Build.0 = Release|Any CPU
	EndGlobalSection
	GlobalSection(SolutionProperties) = preSolution
		HideSolutionNode = FALSE
	EndGlobalSection
	GlobalSection(ExtensibilityGlobals) = postSolution
		SolutionGuid = {8B08D0D2-7EE6-4C42-8A3B-777B5D8A3A3D}
	EndGlobalSection
EndGlobal
