
Microsoft Visual Studio Solution File, Format Version 12.00
# Visual Studio Version 17
VisualStudioVersion = 17.13.35931.197 d17.13
MinimumVisualStudioVersion = 10.0.40219.1
Project("{FAE04EC0-301F-11D3-BF4B-00C04F79EFBC}") = "struc", "struc.csproj", "{F32B2A75-A4CA-4184-9EAF-BFF5023B3784}"
EndProject
Global
	GlobalSection(SolutionConfigurationPlatforms) = preSolution
		Debug|Any CPU = Debug|Any CPU
		Release|Any CPU = Release|Any CPU
	EndGlobalSection
	GlobalSection(ProjectConfigurationPlatforms) = postSolution
		{F32B2A75-A4CA-4184-9EAF-BFF5023B3784}.Debug|Any CPU.ActiveCfg = Debug|Any CPU
		{F32B2A75-A4CA-4184-9EAF-BFF5023B3784}.Debug|Any CPU.Build.0 = Debug|Any CPU
		{F32B2A75-A4CA-4184-9EAF-BFF5023B3784}.Release|Any CPU.ActiveCfg = Release|Any CPU
		{F32B2A75-A4CA-4184-9EAF-BFF5023B3784}.Release|Any CPU.Build.0 = Release|Any CPU
	EndGlobalSection
	GlobalSection(SolutionProperties) = preSolution
		HideSolutionNode = FALSE
	EndGlobalSection
	GlobalSection(ExtensibilityGlobals) = postSolution
		SolutionGuid = {B03404C8-35DC-461E-8738-5081071AABE1}
	EndGlobalSection
EndGlobal
