
Microsoft Visual Studio Solution File, Format Version 12.00
# Visual Studio Version 17
VisualStudioVersion = 17.13.35931.197 d17.13
MinimumVisualStudioVersion = 10.0.40219.1
Project("{FAE04EC0-301F-11D3-BF4B-00C04F79EFBC}") = "AnimalinheritanceOOps", "AnimalinheritanceOOps.csproj", "{D29ECFFF-1183-4F05-AFEF-7B3E96553F71}"
EndProject
Global
	GlobalSection(SolutionConfigurationPlatforms) = preSolution
		Debug|Any CPU = Debug|Any CPU
		Release|Any CPU = Release|Any CPU
	EndGlobalSection
	GlobalSection(ProjectConfigurationPlatforms) = postSolution
		{D29ECFFF-1183-4F05-AFEF-7B3E96553F71}.Debug|Any CPU.ActiveCfg = Debug|Any CPU
		{D29ECFFF-1183-4F05-AFEF-7B3E96553F71}.Debug|Any CPU.Build.0 = Debug|Any CPU
		{D29ECFFF-1183-4F05-AFEF-7B3E96553F71}.Release|Any CPU.ActiveCfg = Release|Any CPU
		{D29ECFFF-1183-4F05-AFEF-7B3E96553F71}.Release|Any CPU.Build.0 = Release|Any CPU
	EndGlobalSection
	GlobalSection(SolutionProperties) = preSolution
		HideSolutionNode = FALSE
	EndGlobalSection
	GlobalSection(ExtensibilityGlobals) = postSolution
		SolutionGuid = {44312732-BBE1-43C5-820E-0FBB16F07292}
	EndGlobalSection
EndGlobal
